
Microsoft Visual Studio Solution File, Format Version 12.00
# Visual Studio Version 17
VisualStudioVersion = 17.9.34616.47
MinimumVisualStudioVersion = 10.0.40219.1
Project("{FAE04EC0-301F-11D3-BF4B-00C04F79EFBC}") = "StudentAPI", "StudentAPI\StudentAPI.csproj", "{D3472B5D-E584-4236-9998-3A35101DD5D6}"
EndProject
Global
	GlobalSection(SolutionConfigurationPlatforms) = preSolution
		Debug|Any CPU = Debug|Any CPU
		Release|Any CPU = Release|Any CPU
	EndGlobalSection
	GlobalSection(ProjectConfigurationPlatforms) = postSolution
		{D3472B5D-E584-4236-9998-3A35101DD5D6}.Debug|Any CPU.ActiveCfg = Debug|Any CPU
		{D3472B5D-E584-4236-9998-3A35101DD5D6}.Debug|Any CPU.Build.0 = Debug|Any CPU
		{D3472B5D-E584-4236-9998-3A35101DD5D6}.Release|Any CPU.ActiveCfg = Release|Any CPU
		{D3472B5D-E584-4236-9998-3A35101DD5D6}.Release|Any CPU.Build.0 = Release|Any CPU
	EndGlobalSection
	GlobalSection(SolutionProperties) = preSolution
		HideSolutionNode = FALSE
	EndGlobalSection
	GlobalSection(ExtensibilityGlobals) = postSolution
		SolutionGuid = {594B17F7-0DBA-4E3A-ACF5-E39F1F1A67C0}
	EndGlobalSection
EndGlobal
